// !$*UTF8*$!
{
	archiveVersion = 1;
	classes = {
	};
	objectVersion = 46;
	objects = {

/* Begin PBXBuildFile section */
		3242C1511B8C284B006988F0 /* main.m in Sources */ = {isa = PBXBuildFile; fileRef = 3242C1501B8C284B006988F0 /* main.m */; };
		3242C1541B8C284B006988F0 /* AppDelegate.m in Sources */ = {isa = PBXBuildFile; fileRef = 3242C1531B8C284B006988F0 /* AppDelegate.m */; };
		3242C1571B8C284B006988F0 /* CommandsCDTVC.m in Sources */ = {isa = PBXBuildFile; fileRef = 3242C1561B8C284B006988F0 /* CommandsCDTVC.m */; };
		3242C15C1B8C284B006988F0 /* Images.xcassets in Resources */ = {isa = PBXBuildFile; fileRef = 3242C15B1B8C284B006988F0 /* Images.xcassets */; };
		3242C15F1B8C284B006988F0 /* LaunchScreen.xib in Resources */ = {isa = PBXBuildFile; fileRef = 3242C15D1B8C284B006988F0 /* LaunchScreen.xib */; };
		3242C16B1B8C284B006988F0 /* TestTests.m in Sources */ = {isa = PBXBuildFile; fileRef = 3242C16A1B8C284B006988F0 /* TestTests.m */; };
		3242C1761B8D637B006988F0 /* GoogleNowCardView.m in Sources */ = {isa = PBXBuildFile; fileRef = 3242C1751B8D637B006988F0 /* GoogleNowCardView.m */; };
		326AA64F1B925E0F00D64041 /* coreData.xcdatamodel in Sources */ = {isa = PBXBuildFile; fileRef = 326AA6491B925E0F00D64041 /* coreData.xcdatamodel */; };
		326AA6501B925E0F00D64041 /* Command+DynamoDB.m in Sources */ = {isa = PBXBuildFile; fileRef = 326AA64B1B925E0F00D64041 /* Command+DynamoDB.m */; };
		326AA6591B93AEF100D64041 /* libsqlite3.dylib in Frameworks */ = {isa = PBXBuildFile; fileRef = 326AA6581B93AEF100D64041 /* libsqlite3.dylib */; };
		326AA65B1B93AEFB00D64041 /* SystemConfiguration.framework in Frameworks */ = {isa = PBXBuildFile; fileRef = 326AA65A1B93AEFB00D64041 /* SystemConfiguration.framework */; };
		326AA65F1B93AF4000D64041 /* AWSCore.framework in Frameworks */ = {isa = PBXBuildFile; fileRef = 326AA65E1B93AF4000D64041 /* AWSCore.framework */; };
		326AA6611B93AF5D00D64041 /* AWSDynamoDB.framework in Frameworks */ = {isa = PBXBuildFile; fileRef = 326AA6601B93AF5D00D64041 /* AWSDynamoDB.framework */; };
		326AA66A1B93BA4D00D64041 /* CoreDataTableViewController.m in Sources */ = {isa = PBXBuildFile; fileRef = 326AA6691B93BA4D00D64041 /* CoreDataTableViewController.m */; };
		328360DB1BBE26B8009499CD /* AMTagListView.m in Sources */ = {isa = PBXBuildFile; fileRef = 328360D81BBE26B8009499CD /* AMTagListView.m */; settings = {ASSET_TAGS = (); }; };
		328360DC1BBE26B8009499CD /* AMTagView.m in Sources */ = {isa = PBXBuildFile; fileRef = 328360DA1BBE26B8009499CD /* AMTagView.m */; settings = {ASSET_TAGS = (); }; };
		32BCE9E51B96BAD70032AE44 /* Notation.m in Sources */ = {isa = PBXBuildFile; fileRef = 32BCE9E41B96BAD70032AE44 /* Notation.m */; };
		32BCE9E81B96BAD70032AE44 /* Topic.m in Sources */ = {isa = PBXBuildFile; fileRef = 32BCE9E71B96BAD70032AE44 /* Topic.m */; };
		32BCE9EB1B96BAD70032AE44 /* Command.m in Sources */ = {isa = PBXBuildFile; fileRef = 32BCE9EA1B96BAD70032AE44 /* Command.m */; };
		32BCE9EE1B96BAD70032AE44 /* Tag.m in Sources */ = {isa = PBXBuildFile; fileRef = 32BCE9ED1B96BAD70032AE44 /* Tag.m */; };
		32BCE9F21B980BED0032AE44 /* CHCSVParser.m in Sources */ = {isa = PBXBuildFile; fileRef = 32BCE9F11B980BED0032AE44 /* CHCSVParser.m */; };
		32C928CE1BA2936000B4DA3B /* Roboto-Light.ttf in Resources */ = {isa = PBXBuildFile; fileRef = 32C928CD1BA2936000B4DA3B /* Roboto-Light.ttf */; };
		32C928D01BA2937000B4DA3B /* Roboto-Bold.ttf in Resources */ = {isa = PBXBuildFile; fileRef = 32C928CF1BA2937000B4DA3B /* Roboto-Bold.ttf */; };
		32D680341BC61539002B854B /* libz.tbd in Frameworks */ = {isa = PBXBuildFile; fileRef = 32D680331BC61539002B854B /* libz.tbd */; };
		32D680361BC76BF9002B854B /* Commands.csv in Resources */ = {isa = PBXBuildFile; fileRef = 32D680351BC76BF9002B854B /* Commands.csv */; settings = {ASSET_TAGS = (); }; };
		32D6803C1BCB6933002B854B /* CommandSearchViewController.m in Sources */ = {isa = PBXBuildFile; fileRef = 32D6803B1BCB6933002B854B /* CommandSearchViewController.m */; settings = {ASSET_TAGS = (); }; };
/* End PBXBuildFile section */

/* Begin PBXContainerItemProxy section */
		3242C1651B8C284B006988F0 /* PBXContainerItemProxy */ = {
			isa = PBXContainerItemProxy;
			containerPortal = 3242C1431B8C284B006988F0 /* Project object */;
			proxyType = 1;
			remoteGlobalIDString = 3242C14A1B8C284B006988F0;
			remoteInfo = Test;
		};
/* End PBXContainerItemProxy section */

/* Begin PBXFileReference section */
		3242C14B1B8C284B006988F0 /* Vim Cards.app */ = {isa = PBXFileReference; explicitFileType = wrapper.application; includeInIndex = 0; path = "Vim Cards.app"; sourceTree = BUILT_PRODUCTS_DIR; };
		3242C14F1B8C284B006988F0 /* Info.plist */ = {isa = PBXFileReference; lastKnownFileType = text.plist.xml; path = Info.plist; sourceTree = "<group>"; };
		3242C1501B8C284B006988F0 /* main.m */ = {isa = PBXFileReference; lastKnownFileType = sourcecode.c.objc; path = main.m; sourceTree = "<group>"; };
		3242C1521B8C284B006988F0 /* AppDelegate.h */ = {isa = PBXFileReference; lastKnownFileType = sourcecode.c.h; path = AppDelegate.h; sourceTree = "<group>"; };
		3242C1531B8C284B006988F0 /* AppDelegate.m */ = {isa = PBXFileReference; lastKnownFileType = sourcecode.c.objc; path = AppDelegate.m; sourceTree = "<group>"; };
		3242C1551B8C284B006988F0 /* CommandsCDTVC.h */ = {isa = PBXFileReference; lastKnownFileType = sourcecode.c.h; path = CommandsCDTVC.h; sourceTree = "<group>"; };
		3242C1561B8C284B006988F0 /* CommandsCDTVC.m */ = {isa = PBXFileReference; lastKnownFileType = sourcecode.c.objc; path = CommandsCDTVC.m; sourceTree = "<group>"; };
		3242C15B1B8C284B006988F0 /* Images.xcassets */ = {isa = PBXFileReference; lastKnownFileType = folder.assetcatalog; path = Images.xcassets; sourceTree = "<group>"; };
		3242C15E1B8C284B006988F0 /* Base */ = {isa = PBXFileReference; lastKnownFileType = file.xib; name = Base; path = Base.lproj/LaunchScreen.xib; sourceTree = "<group>"; };
		3242C1641B8C284B006988F0 /* Vim CardsVim Cardss.xctest */ = {isa = PBXFileReference; explicitFileType = wrapper.cfbundle; includeInIndex = 0; path = "Vim CardsVim Cardss.xctest"; sourceTree = BUILT_PRODUCTS_DIR; };
		3242C1691B8C284B006988F0 /* Info.plist */ = {isa = PBXFileReference; lastKnownFileType = text.plist.xml; path = Info.plist; sourceTree = "<group>"; };
		3242C16A1B8C284B006988F0 /* TestTests.m */ = {isa = PBXFileReference; lastKnownFileType = sourcecode.c.objc; path = TestTests.m; sourceTree = "<group>"; };
		3242C1741B8D637B006988F0 /* GoogleNowCardView.h */ = {isa = PBXFileReference; fileEncoding = 4; lastKnownFileType = sourcecode.c.h; path = GoogleNowCardView.h; sourceTree = "<group>"; };
		3242C1751B8D637B006988F0 /* GoogleNowCardView.m */ = {isa = PBXFileReference; fileEncoding = 4; lastKnownFileType = sourcecode.c.objc; path = GoogleNowCardView.m; sourceTree = "<group>"; };
		326AA6491B925E0F00D64041 /* coreData.xcdatamodel */ = {isa = PBXFileReference; lastKnownFileType = wrapper.xcdatamodel; path = coreData.xcdatamodel; sourceTree = "<group>"; };
		326AA64A1B925E0F00D64041 /* Command+DynamoDB.h */ = {isa = PBXFileReference; fileEncoding = 4; lastKnownFileType = sourcecode.c.h; path = "Command+DynamoDB.h"; sourceTree = "<group>"; };
		326AA64B1B925E0F00D64041 /* Command+DynamoDB.m */ = {isa = PBXFileReference; fileEncoding = 4; lastKnownFileType = sourcecode.c.objc; path = "Command+DynamoDB.m"; sourceTree = "<group>"; wrapsLines = 1; };
		326AA6581B93AEF100D64041 /* libsqlite3.dylib */ = {isa = PBXFileReference; lastKnownFileType = "compiled.mach-o.dylib"; name = libsqlite3.dylib; path = usr/lib/libsqlite3.dylib; sourceTree = SDKROOT; };
		326AA65A1B93AEFB00D64041 /* SystemConfiguration.framework */ = {isa = PBXFileReference; lastKnownFileType = wrapper.framework; name = SystemConfiguration.framework; path = System/Library/Frameworks/SystemConfiguration.framework; sourceTree = SDKROOT; };
		326AA65E1B93AF4000D64041 /* AWSCore.framework */ = {isa = PBXFileReference; lastKnownFileType = wrapper.framework; name = AWSCore.framework; path = "../../Downloads/aws-ios-sdk-2.2.4/frameworks/AWSCore.framework"; sourceTree = "<group>"; };
		326AA6601B93AF5D00D64041 /* AWSDynamoDB.framework */ = {isa = PBXFileReference; lastKnownFileType = wrapper.framework; name = AWSDynamoDB.framework; path = "../../Downloads/aws-ios-sdk-2.2.4/frameworks/AWSDynamoDB.framework"; sourceTree = "<group>"; };
		326AA6681B93BA4D00D64041 /* CoreDataTableViewController.h */ = {isa = PBXFileReference; fileEncoding = 4; lastKnownFileType = sourcecode.c.h; path = CoreDataTableViewController.h; sourceTree = "<group>"; };
		326AA6691B93BA4D00D64041 /* CoreDataTableViewController.m */ = {isa = PBXFileReference; fileEncoding = 4; lastKnownFileType = sourcecode.c.objc; path = CoreDataTableViewController.m; sourceTree = "<group>"; };
		328360D71BBE26B8009499CD /* AMTagListView.h */ = {isa = PBXFileReference; fileEncoding = 4; lastKnownFileType = sourcecode.c.h; path = AMTagListView.h; sourceTree = "<group>"; };
		328360D81BBE26B8009499CD /* AMTagListView.m */ = {isa = PBXFileReference; fileEncoding = 4; lastKnownFileType = sourcecode.c.objc; path = AMTagListView.m; sourceTree = "<group>"; };
		328360D91BBE26B8009499CD /* AMTagView.h */ = {isa = PBXFileReference; fileEncoding = 4; lastKnownFileType = sourcecode.c.h; path = AMTagView.h; sourceTree = "<group>"; };
		328360DA1BBE26B8009499CD /* AMTagView.m */ = {isa = PBXFileReference; fileEncoding = 4; lastKnownFileType = sourcecode.c.objc; path = AMTagView.m; sourceTree = "<group>"; };
		32BCE9E31B96BAD70032AE44 /* Notation.h */ = {isa = PBXFileReference; fileEncoding = 4; lastKnownFileType = sourcecode.c.h; path = Notation.h; sourceTree = "<group>"; };
		32BCE9E41B96BAD70032AE44 /* Notation.m */ = {isa = PBXFileReference; fileEncoding = 4; lastKnownFileType = sourcecode.c.objc; path = Notation.m; sourceTree = "<group>"; };
		32BCE9E61B96BAD70032AE44 /* Topic.h */ = {isa = PBXFileReference; fileEncoding = 4; lastKnownFileType = sourcecode.c.h; path = Topic.h; sourceTree = "<group>"; };
		32BCE9E71B96BAD70032AE44 /* Topic.m */ = {isa = PBXFileReference; fileEncoding = 4; lastKnownFileType = sourcecode.c.objc; path = Topic.m; sourceTree = "<group>"; };
		32BCE9E91B96BAD70032AE44 /* Command.h */ = {isa = PBXFileReference; fileEncoding = 4; lastKnownFileType = sourcecode.c.h; path = Command.h; sourceTree = "<group>"; };
		32BCE9EA1B96BAD70032AE44 /* Command.m */ = {isa = PBXFileReference; fileEncoding = 4; lastKnownFileType = sourcecode.c.objc; path = Command.m; sourceTree = "<group>"; };
		32BCE9EC1B96BAD70032AE44 /* Tag.h */ = {isa = PBXFileReference; fileEncoding = 4; lastKnownFileType = sourcecode.c.h; path = Tag.h; sourceTree = "<group>"; };
		32BCE9ED1B96BAD70032AE44 /* Tag.m */ = {isa = PBXFileReference; fileEncoding = 4; lastKnownFileType = sourcecode.c.objc; path = Tag.m; sourceTree = "<group>"; };
		32BCE9F01B980BED0032AE44 /* CHCSVParser.h */ = {isa = PBXFileReference; fileEncoding = 4; lastKnownFileType = sourcecode.c.h; path = CHCSVParser.h; sourceTree = "<group>"; };
		32BCE9F11B980BED0032AE44 /* CHCSVParser.m */ = {isa = PBXFileReference; fileEncoding = 4; lastKnownFileType = sourcecode.c.objc; path = CHCSVParser.m; sourceTree = "<group>"; };
		32C928CD1BA2936000B4DA3B /* Roboto-Light.ttf */ = {isa = PBXFileReference; lastKnownFileType = file; path = "Roboto-Light.ttf"; sourceTree = "<group>"; };
		32C928CF1BA2937000B4DA3B /* Roboto-Bold.ttf */ = {isa = PBXFileReference; lastKnownFileType = file; path = "Roboto-Bold.ttf"; sourceTree = "<group>"; };
		32D680331BC61539002B854B /* libz.tbd */ = {isa = PBXFileReference; lastKnownFileType = "sourcecode.text-based-dylib-definition"; name = libz.tbd; path = usr/lib/libz.tbd; sourceTree = SDKROOT; };
		32D680351BC76BF9002B854B /* Commands.csv */ = {isa = PBXFileReference; fileEncoding = 4; lastKnownFileType = text; path = Commands.csv; sourceTree = "<group>"; };
		32D6803A1BCB6933002B854B /* CommandSearchViewController.h */ = {isa = PBXFileReference; fileEncoding = 4; lastKnownFileType = sourcecode.c.h; path = CommandSearchViewController.h; sourceTree = "<group>"; };
		32D6803B1BCB6933002B854B /* CommandSearchViewController.m */ = {isa = PBXFileReference; fileEncoding = 4; lastKnownFileType = sourcecode.c.objc; path = CommandSearchViewController.m; sourceTree = "<group>"; };
/* End PBXFileReference section */

/* Begin PBXFrameworksBuildPhase section */
		3242C1481B8C284B006988F0 /* Frameworks */ = {
			isa = PBXFrameworksBuildPhase;
			buildActionMask = 2147483647;
			files = (
				32D680341BC61539002B854B /* libz.tbd in Frameworks */,
				326AA6611B93AF5D00D64041 /* AWSDynamoDB.framework in Frameworks */,
				326AA65F1B93AF4000D64041 /* AWSCore.framework in Frameworks */,
				326AA65B1B93AEFB00D64041 /* SystemConfiguration.framework in Frameworks */,
				326AA6591B93AEF100D64041 /* libsqlite3.dylib in Frameworks */,
			);
			runOnlyForDeploymentPostprocessing = 0;
		};
		3242C1611B8C284B006988F0 /* Frameworks */ = {
			isa = PBXFrameworksBuildPhase;
			buildActionMask = 2147483647;
			files = (
			);
			runOnlyForDeploymentPostprocessing = 0;
		};
/* End PBXFrameworksBuildPhase section */

/* Begin PBXGroup section */
		3242C1421B8C284B006988F0 = {
			isa = PBXGroup;
			children = (
				3242C14D1B8C284B006988F0 /* Vim Cards */,
				3242C1671B8C284B006988F0 /* Unit Tests */,
				3242C14C1B8C284B006988F0 /* Products */,
				326AA6621B93AF9600D64041 /* Frameworks */,
			);
			sourceTree = "<group>";
		};
		3242C14C1B8C284B006988F0 /* Products */ = {
			isa = PBXGroup;
			children = (
				3242C14B1B8C284B006988F0 /* Vim Cards.app */,
				3242C1641B8C284B006988F0 /* Vim CardsVim Cardss.xctest */,
			);
			name = Products;
			sourceTree = "<group>";
		};
		3242C14D1B8C284B006988F0 /* Vim Cards */ = {
			isa = PBXGroup;
			children = (
				326AA6511B925E2C00D64041 /* Model */,
				326AA6661B93B7AE00D64041 /* View */,
				326AA6671B93B7C100D64041 /* Controller */,
				32BCE9EF1B980B460032AE44 /* Util */,
				326AA6651B93B65500D64041 /* Resources */,
				3242C1521B8C284B006988F0 /* AppDelegate.h */,
				3242C1531B8C284B006988F0 /* AppDelegate.m */,
				3242C14E1B8C284B006988F0 /* Supporting Files */,
			);
			name = "Vim Cards";
			path = src;
			sourceTree = "<group>";
		};
		3242C14E1B8C284B006988F0 /* Supporting Files */ = {
			isa = PBXGroup;
			children = (
				3242C14F1B8C284B006988F0 /* Info.plist */,
				3242C1501B8C284B006988F0 /* main.m */,
			);
			name = "Supporting Files";
			sourceTree = "<group>";
		};
		3242C1671B8C284B006988F0 /* Unit Tests */ = {
			isa = PBXGroup;
			children = (
				3242C16A1B8C284B006988F0 /* TestTests.m */,
				3242C1681B8C284B006988F0 /* Supporting Files */,
			);
			name = "Unit Tests";
			path = tst;
			sourceTree = "<group>";
		};
		3242C1681B8C284B006988F0 /* Supporting Files */ = {
			isa = PBXGroup;
			children = (
				3242C1691B8C284B006988F0 /* Info.plist */,
			);
			name = "Supporting Files";
			sourceTree = "<group>";
		};
		326AA6511B925E2C00D64041 /* Model */ = {
			isa = PBXGroup;
			children = (
				32BCE9EC1B96BAD70032AE44 /* Tag.h */,
				32BCE9ED1B96BAD70032AE44 /* Tag.m */,
				32BCE9E91B96BAD70032AE44 /* Command.h */,
				32BCE9EA1B96BAD70032AE44 /* Command.m */,
				32BCE9E61B96BAD70032AE44 /* Topic.h */,
				32BCE9E71B96BAD70032AE44 /* Topic.m */,
				32BCE9E31B96BAD70032AE44 /* Notation.h */,
				32BCE9E41B96BAD70032AE44 /* Notation.m */,
				326AA6491B925E0F00D64041 /* coreData.xcdatamodel */,
				326AA64A1B925E0F00D64041 /* Command+DynamoDB.h */,
				326AA64B1B925E0F00D64041 /* Command+DynamoDB.m */,
			);
			name = Model;
			sourceTree = "<group>";
		};
		326AA6621B93AF9600D64041 /* Frameworks */ = {
			isa = PBXGroup;
			children = (
				32D680331BC61539002B854B /* libz.tbd */,
				326AA6601B93AF5D00D64041 /* AWSDynamoDB.framework */,
				326AA65E1B93AF4000D64041 /* AWSCore.framework */,
				326AA65A1B93AEFB00D64041 /* SystemConfiguration.framework */,
				326AA6581B93AEF100D64041 /* libsqlite3.dylib */,
			);
			name = Frameworks;
			sourceTree = "<group>";
		};
		326AA6651B93B65500D64041 /* Resources */ = {
			isa = PBXGroup;
			children = (
				32D680351BC76BF9002B854B /* Commands.csv */,
				3242C15B1B8C284B006988F0 /* Images.xcassets */,
				3242C15D1B8C284B006988F0 /* LaunchScreen.xib */,
				32C928CD1BA2936000B4DA3B /* Roboto-Light.ttf */,
				32C928CF1BA2937000B4DA3B /* Roboto-Bold.ttf */,
			);
			name = Resources;
			sourceTree = "<group>";
		};
		326AA6661B93B7AE00D64041 /* View */ = {
			isa = PBXGroup;
			children = (
				328360D61BBE268C009499CD /* AMTTagListView */,
				3242C1741B8D637B006988F0 /* GoogleNowCardView.h */,
				3242C1751B8D637B006988F0 /* GoogleNowCardView.m */,
			);
			name = View;
			sourceTree = "<group>";
		};
		326AA6671B93B7C100D64041 /* Controller */ = {
			isa = PBXGroup;
			children = (
				326AA6681B93BA4D00D64041 /* CoreDataTableViewController.h */,
				326AA6691B93BA4D00D64041 /* CoreDataTableViewController.m */,
				3242C1551B8C284B006988F0 /* CommandsCDTVC.h */,
				3242C1561B8C284B006988F0 /* CommandsCDTVC.m */,
				32D6803A1BCB6933002B854B /* CommandSearchViewController.h */,
				32D6803B1BCB6933002B854B /* CommandSearchViewController.m */,
			);
			name = Controller;
			sourceTree = "<group>";
		};
		328360D61BBE268C009499CD /* AMTTagListView */ = {
			isa = PBXGroup;
			children = (
				328360D71BBE26B8009499CD /* AMTagListView.h */,
				328360D81BBE26B8009499CD /* AMTagListView.m */,
				328360D91BBE26B8009499CD /* AMTagView.h */,
				328360DA1BBE26B8009499CD /* AMTagView.m */,
			);
			name = AMTTagListView;
			sourceTree = "<group>";
		};
		32BCE9EF1B980B460032AE44 /* Util */ = {
			isa = PBXGroup;
			children = (
				32BCE9F01B980BED0032AE44 /* CHCSVParser.h */,
				32BCE9F11B980BED0032AE44 /* CHCSVParser.m */,
			);
			name = Util;
			sourceTree = "<group>";
		};
/* End PBXGroup section */

/* Begin PBXNativeTarget section */
		3242C14A1B8C284B006988F0 /* Vim Cards */ = {
			isa = PBXNativeTarget;
			buildConfigurationList = 3242C16E1B8C284B006988F0 /* Build configuration list for PBXNativeTarget "Vim Cards" */;
			buildPhases = (
				3242C1471B8C284B006988F0 /* Sources */,
				3242C1481B8C284B006988F0 /* Frameworks */,
				3242C1491B8C284B006988F0 /* Resources */,
			);
			buildRules = (
			);
			dependencies = (
			);
			name = "Vim Cards";
			productName = Test;
			productReference = 3242C14B1B8C284B006988F0 /* Vim Cards.app */;
			productType = "com.apple.product-type.application";
		};
		3242C1631B8C284B006988F0 /* Vim CardsVim Cardss */ = {
			isa = PBXNativeTarget;
			buildConfigurationList = 3242C1711B8C284B006988F0 /* Build configuration list for PBXNativeTarget "Vim CardsVim Cardss" */;
			buildPhases = (
				3242C1601B8C284B006988F0 /* Sources */,
				3242C1611B8C284B006988F0 /* Frameworks */,
				3242C1621B8C284B006988F0 /* Resources */,
			);
			buildRules = (
			);
			dependencies = (
				3242C1661B8C284B006988F0 /* PBXTargetDependency */,
			);
			name = "Vim CardsVim Cardss";
			productName = TestTests;
			productReference = 3242C1641B8C284B006988F0 /* Vim CardsVim Cardss.xctest */;
			productType = "com.apple.product-type.bundle.unit-test";
		};
/* End PBXNativeTarget section */

/* Begin PBXProject section */
		3242C1431B8C284B006988F0 /* Project object */ = {
			isa = PBXProject;
			attributes = {
				LastUpgradeCheck = 0700;
				ORGANIZATIONNAME = "Runhe Tian";
				TargetAttributes = {
					3242C14A1B8C284B006988F0 = {
						CreatedOnToolsVersion = 6.4;
						SystemCapabilities = {
							com.apple.BackgroundModes = {
								enabled = 1;
							};
						};
					};
					3242C1631B8C284B006988F0 = {
						CreatedOnToolsVersion = 6.4;
						TestTargetID = 3242C14A1B8C284B006988F0;
					};
				};
			};
			buildConfigurationList = 3242C1461B8C284B006988F0 /* Build configuration list for PBXProject "Vim Cards" */;
			compatibilityVersion = "Xcode 3.2";
			developmentRegion = English;
			hasScannedForEncodings = 0;
			knownRegions = (
				en,
				Base,
			);
			mainGroup = 3242C1421B8C284B006988F0;
			productRefGroup = 3242C14C1B8C284B006988F0 /* Products */;
			projectDirPath = "";
			projectRoot = "";
			targets = (
				3242C14A1B8C284B006988F0 /* Vim Cards */,
				3242C1631B8C284B006988F0 /* Vim CardsVim Cardss */,
			);
		};
/* End PBXProject section */

/* Begin PBXResourcesBuildPhase section */
		3242C1491B8C284B006988F0 /* Resources */ = {
			isa = PBXResourcesBuildPhase;
			buildActionMask = 2147483647;
			files = (
				3242C15F1B8C284B006988F0 /* LaunchScreen.xib in Resources */,
				32C928D01BA2937000B4DA3B /* Roboto-Bold.ttf in Resources */,
				32D680361BC76BF9002B854B /* Commands.csv in Resources */,
				32C928CE1BA2936000B4DA3B /* Roboto-Light.ttf in Resources */,
				3242C15C1B8C284B006988F0 /* Images.xcassets in Resources */,
			);
			runOnlyForDeploymentPostprocessing = 0;
		};
		3242C1621B8C284B006988F0 /* Resources */ = {
			isa = PBXResourcesBuildPhase;
			buildActionMask = 2147483647;
			files = (
			);
			runOnlyForDeploymentPostprocessing = 0;
		};
/* End PBXResourcesBuildPhase section */

/* Begin PBXSourcesBuildPhase section */
		3242C1471B8C284B006988F0 /* Sources */ = {
			isa = PBXSourcesBuildPhase;
			buildActionMask = 2147483647;
			files = (
				32BCE9EE1B96BAD70032AE44 /* Tag.m in Sources */,
				32BCE9E81B96BAD70032AE44 /* Topic.m in Sources */,
				32BCE9E51B96BAD70032AE44 /* Notation.m in Sources */,
				328360DB1BBE26B8009499CD /* AMTagListView.m in Sources */,
				326AA64F1B925E0F00D64041 /* coreData.xcdatamodel in Sources */,
				3242C1761B8D637B006988F0 /* GoogleNowCardView.m in Sources */,
				326AA66A1B93BA4D00D64041 /* CoreDataTableViewController.m in Sources */,
				3242C1571B8C284B006988F0 /* CommandsCDTVC.m in Sources */,
				32D6803C1BCB6933002B854B /* CommandSearchViewController.m in Sources */,
				3242C1541B8C284B006988F0 /* AppDelegate.m in Sources */,
				32BCE9F21B980BED0032AE44 /* CHCSVParser.m in Sources */,
				32BCE9EB1B96BAD70032AE44 /* Command.m in Sources */,
				328360DC1BBE26B8009499CD /* AMTagView.m in Sources */,
				326AA6501B925E0F00D64041 /* Command+DynamoDB.m in Sources */,
				3242C1511B8C284B006988F0 /* main.m in Sources */,
			);
			runOnlyForDeploymentPostprocessing = 0;
		};
		3242C1601B8C284B006988F0 /* Sources */ = {
			isa = PBXSourcesBuildPhase;
			buildActionMask = 2147483647;
			files = (
				3242C16B1B8C284B006988F0 /* TestTests.m in Sources */,
			);
			runOnlyForDeploymentPostprocessing = 0;
		};
/* End PBXSourcesBuildPhase section */

/* Begin PBXTargetDependency section */
		3242C1661B8C284B006988F0 /* PBXTargetDependency */ = {
			isa = PBXTargetDependency;
			target = 3242C14A1B8C284B006988F0 /* Vim Cards */;
			targetProxy = 3242C1651B8C284B006988F0 /* PBXContainerItemProxy */;
		};
/* End PBXTargetDependency section */

/* Begin PBXVariantGroup section */
		3242C15D1B8C284B006988F0 /* LaunchScreen.xib */ = {
			isa = PBXVariantGroup;
			children = (
				3242C15E1B8C284B006988F0 /* Base */,
			);
			name = LaunchScreen.xib;
			sourceTree = "<group>";
		};
/* End PBXVariantGroup section */

/* Begin XCBuildConfiguration section */
		3242C16C1B8C284B006988F0 /* Debug */ = {
			isa = XCBuildConfiguration;
			buildSettings = {
				ALWAYS_SEARCH_USER_PATHS = NO;
				CLANG_CXX_LANGUAGE_STANDARD = "gnu++0x";
				CLANG_CXX_LIBRARY = "libc++";
				CLANG_ENABLE_MODULES = YES;
				CLANG_ENABLE_OBJC_ARC = YES;
				CLANG_WARN_BOOL_CONVERSION = YES;
				CLANG_WARN_CONSTANT_CONVERSION = YES;
				CLANG_WARN_DIRECT_OBJC_ISA_USAGE = YES_ERROR;
				CLANG_WARN_EMPTY_BODY = YES;
				CLANG_WARN_ENUM_CONVERSION = YES;
				CLANG_WARN_INT_CONVERSION = YES;
				CLANG_WARN_OBJC_ROOT_CLASS = YES_ERROR;
				CLANG_WARN_UNREACHABLE_CODE = YES;
				CLANG_WARN__DUPLICATE_METHOD_MATCH = YES;
				"CODE_SIGN_IDENTITY[sdk=iphoneos*]" = "iPhone Developer";
				COPY_PHASE_STRIP = NO;
				DEBUG_INFORMATION_FORMAT = "dwarf-with-dsym";
				ENABLE_STRICT_OBJC_MSGSEND = YES;
				ENABLE_TESTABILITY = YES;
				GCC_C_LANGUAGE_STANDARD = gnu99;
				GCC_DYNAMIC_NO_PIC = NO;
				GCC_NO_COMMON_BLOCKS = YES;
				GCC_OPTIMIZATION_LEVEL = 0;
				GCC_PREPROCESSOR_DEFINITIONS = (
					"DEBUG=1",
					"$(inherited)",
				);
				GCC_SYMBOLS_PRIVATE_EXTERN = NO;
				GCC_TREAT_WARNINGS_AS_ERRORS = YES;
				GCC_WARN_64_TO_32_BIT_CONVERSION = YES;
				GCC_WARN_ABOUT_RETURN_TYPE = YES_ERROR;
				GCC_WARN_UNDECLARED_SELECTOR = YES;
				GCC_WARN_UNINITIALIZED_AUTOS = YES_AGGRESSIVE;
				GCC_WARN_UNUSED_FUNCTION = YES;
				GCC_WARN_UNUSED_VARIABLE = YES;
				IPHONEOS_DEPLOYMENT_TARGET = 9.0;
				MTL_ENABLE_DEBUG_INFO = YES;
				ONLY_ACTIVE_ARCH = YES;
				SDKROOT = iphoneos;
			};
			name = Debug;
		};
		3242C16D1B8C284B006988F0 /* Release */ = {
			isa = XCBuildConfiguration;
			buildSettings = {
				ALWAYS_SEARCH_USER_PATHS = NO;
				CLANG_CXX_LANGUAGE_STANDARD = "gnu++0x";
				CLANG_CXX_LIBRARY = "libc++";
				CLANG_ENABLE_MODULES = YES;
				CLANG_ENABLE_OBJC_ARC = YES;
				CLANG_WARN_BOOL_CONVERSION = YES;
				CLANG_WARN_CONSTANT_CONVERSION = YES;
				CLANG_WARN_DIRECT_OBJC_ISA_USAGE = YES_ERROR;
				CLANG_WARN_EMPTY_BODY = YES;
				CLANG_WARN_ENUM_CONVERSION = YES;
				CLANG_WARN_INT_CONVERSION = YES;
				CLANG_WARN_OBJC_ROOT_CLASS = YES_ERROR;
				CLANG_WARN_UNREACHABLE_CODE = YES;
				CLANG_WARN__DUPLICATE_METHOD_MATCH = YES;
				"CODE_SIGN_IDENTITY[sdk=iphoneos*]" = "iPhone Developer";
				COPY_PHASE_STRIP = NO;
				DEBUG_INFORMATION_FORMAT = "dwarf-with-dsym";
				ENABLE_NS_ASSERTIONS = NO;
				ENABLE_STRICT_OBJC_MSGSEND = YES;
				GCC_C_LANGUAGE_STANDARD = gnu99;
				GCC_NO_COMMON_BLOCKS = YES;
				GCC_TREAT_WARNINGS_AS_ERRORS = YES;
				GCC_WARN_64_TO_32_BIT_CONVERSION = YES;
				GCC_WARN_ABOUT_RETURN_TYPE = YES_ERROR;
				GCC_WARN_UNDECLARED_SELECTOR = YES;
				GCC_WARN_UNINITIALIZED_AUTOS = YES_AGGRESSIVE;
				GCC_WARN_UNUSED_FUNCTION = YES;
				GCC_WARN_UNUSED_VARIABLE = YES;
				IPHONEOS_DEPLOYMENT_TARGET = 9.0;
				MTL_ENABLE_DEBUG_INFO = NO;
				SDKROOT = iphoneos;
				VALIDATE_PRODUCT = YES;
			};
			name = Release;
		};
		3242C16F1B8C284B006988F0 /* Debug */ = {
			isa = XCBuildConfiguration;
			buildSettings = {
				ASSETCATALOG_COMPILER_APPICON_NAME = AppIcon;
				ENABLE_BITCODE = NO;
				FRAMEWORK_SEARCH_PATHS = (
					"$(inherited)",
					"/Users/bruce/Downloads/aws-ios-sdk-2.2.4/frameworks",
				);
				GCC_TREAT_WARNINGS_AS_ERRORS = YES;
				INFOPLIST_FILE = src/Info.plist;
				LD_RUNPATH_SEARCH_PATHS = "$(inherited) @executable_path/Frameworks";
				PRODUCT_BUNDLE_IDENTIFIER = "com.amazon.tianrunhe.$(PRODUCT_NAME:rfc1034identifier)";
				PRODUCT_NAME = "Vim Cards";
			};
			name = Debug;
		};
		3242C1701B8C284B006988F0 /* Release */ = {
			isa = XCBuildConfiguration;
			buildSettings = {
				ASSETCATALOG_COMPILER_APPICON_NAME = AppIcon;
				ENABLE_BITCODE = NO;
				FRAMEWORK_SEARCH_PATHS = (
					"$(inherited)",
					"/Users/bruce/Downloads/aws-ios-sdk-2.2.4/frameworks",
				);
				GCC_TREAT_WARNINGS_AS_ERRORS = YES;
				INFOPLIST_FILE = src/Info.plist;
				LD_RUNPATH_SEARCH_PATHS = "$(inherited) @executable_path/Frameworks";
				PRODUCT_BUNDLE_IDENTIFIER = "com.amazon.tianrunhe.$(PRODUCT_NAME:rfc1034identifier)";
				PRODUCT_NAME = "Vim Cards";
			};
			name = Release;
		};
		3242C1721B8C284B006988F0 /* Debug */ = {
			isa = XCBuildConfiguration;
			buildSettings = {
				BUNDLE_LOADER = "$(TEST_HOST)";
				FRAMEWORK_SEARCH_PATHS = (
					"$(SDKROOT)/Developer/Library/Frameworks",
					"$(inherited)",
				);
				GCC_PREPROCESSOR_DEFINITIONS = (
					"DEBUG=1",
					"$(inherited)",
				);
				INFOPLIST_FILE = tst/Info.plist;
				LD_RUNPATH_SEARCH_PATHS = "$(inherited) @executable_path/Frameworks @loader_path/Frameworks";
				PRODUCT_BUNDLE_IDENTIFIER = "com.amazon.tianrunhe.$(PRODUCT_NAME:rfc1034identifier)";
				PRODUCT_NAME = "Vim CardsVim Cardss";
				TEST_HOST = "$(BUILT_PRODUCTS_DIR)/Test.app/Test";
			};
			name = Debug;
		};
		3242C1731B8C284B006988F0 /* Release */ = {
			isa = XCBuildConfiguration;
			buildSettings = {
				BUNDLE_LOADER = "$(TEST_HOST)";
				FRAMEWORK_SEARCH_PATHS = (
					"$(SDKROOT)/Developer/Library/Frameworks",
					"$(inherited)",
				);
				INFOPLIST_FILE = tst/Info.plist;
				LD_RUNPATH_SEARCH_PATHS = "$(inherited) @executable_path/Frameworks @loader_path/Frameworks";
				PRODUCT_BUNDLE_IDENTIFIER = "com.amazon.tianrunhe.$(PRODUCT_NAME:rfc1034identifier)";
				PRODUCT_NAME = "Vim CardsVim Cardss";
				TEST_HOST = "$(BUILT_PRODUCTS_DIR)/Test.app/Test";
			};
			name = Release;
		};
/* End XCBuildConfiguration section */

/* Begin XCConfigurationList section */
		3242C1461B8C284B006988F0 /* Build configuration list for PBXProject "Vim Cards" */ = {
			isa = XCConfigurationList;
			buildConfigurations = (
				3242C16C1B8C284B006988F0 /* Debug */,
				3242C16D1B8C284B006988F0 /* Release */,
			);
			defaultConfigurationIsVisible = 0;
			defaultConfigurationName = Release;
		};
		3242C16E1B8C284B006988F0 /* Build configuration list for PBXNativeTarget "Vim Cards" */ = {
			isa = XCConfigurationList;
			buildConfigurations = (
				3242C16F1B8C284B006988F0 /* Debug */,
				3242C1701B8C284B006988F0 /* Release */,
			);
			defaultConfigurationIsVisible = 0;
			defaultConfigurationName = Release;
		};
		3242C1711B8C284B006988F0 /* Build configuration list for PBXNativeTarget "Vim CardsVim Cardss" */ = {
			isa = XCConfigurationList;
			buildConfigurations = (
				3242C1721B8C284B006988F0 /* Debug */,
				3242C1731B8C284B006988F0 /* Release */,
			);
			defaultConfigurationIsVisible = 0;
			defaultConfigurationName = Release;
		};
/* End XCConfigurationList section */
	};
	rootObject = 3242C1431B8C284B006988F0 /* Project object */;
}
